// !$*UTF8*$!
{
	archiveVersion = 1;
	classes = {
	};
	objectVersion = 50;
	objects = {

/* Begin PBXBuildFile section */
		410C57FF27AB1A9200B179EE /* AppDelegate.swift in Sources */ = {isa = PBXBuildFile; fileRef = 410C57FE27AB1A9200B179EE /* AppDelegate.swift */; };
		410C580127AB1A9200B179EE /* SceneDelegate.swift in Sources */ = {isa = PBXBuildFile; fileRef = 410C580027AB1A9200B179EE /* SceneDelegate.swift */; };
		410C580827AB1A9300B179EE /* Assets.xcassets in Resources */ = {isa = PBXBuildFile; fileRef = 410C580727AB1A9300B179EE /* Assets.xcassets */; };
		410C580B27AB1A9300B179EE /* LaunchScreen.storyboard in Resources */ = {isa = PBXBuildFile; fileRef = 410C580927AB1A9300B179EE /* LaunchScreen.storyboard */; };
		410C581627AB1C9000B179EE /* Main.storyboard in Resources */ = {isa = PBXBuildFile; fileRef = 410C581427AB1C9000B179EE /* Main.storyboard */; };
		410C581827AB1CEB00B179EE /* SettingsScreen.swift in Sources */ = {isa = PBXBuildFile; fileRef = 410C581727AB1CEB00B179EE /* SettingsScreen.swift */; };
		413DF69B27BBA1040029F37F /* AboutScreen.swift in Sources */ = {isa = PBXBuildFile; fileRef = 413DF69A27BBA1040029F37F /* AboutScreen.swift */; };
		413DF69D27BBADEE0029F37F /* AboutInfoCell.swift in Sources */ = {isa = PBXBuildFile; fileRef = 413DF69C27BBADEE0029F37F /* AboutInfoCell.swift */; };
		4176FE5027ACFDA20023A833 /* GeneralScreen.swift in Sources */ = {isa = PBXBuildFile; fileRef = 4176FE4F27ACFDA20023A833 /* GeneralScreen.swift */; };
		4179674527AD43F700935381 /* SignInCell.swift in Sources */ = {isa = PBXBuildFile; fileRef = 4179674427AD43F700935381 /* SignInCell.swift */; };
/* End PBXBuildFile section */

/* Begin PBXFileReference section */
		410C57FB27AB1A9200B179EE /* Settings.app */ = {isa = PBXFileReference; explicitFileType = wrapper.application; includeInIndex = 0; path = Settings.app; sourceTree = BUILT_PRODUCTS_DIR; };
		410C57FE27AB1A9200B179EE /* AppDelegate.swift */ = {isa = PBXFileReference; lastKnownFileType = sourcecode.swift; path = AppDelegate.swift; sourceTree = "<group>"; };
		410C580027AB1A9200B179EE /* SceneDelegate.swift */ = {isa = PBXFileReference; lastKnownFileType = sourcecode.swift; path = SceneDelegate.swift; sourceTree = "<group>"; };
		410C580727AB1A9300B179EE /* Assets.xcassets */ = {isa = PBXFileReference; lastKnownFileType = folder.assetcatalog; path = Assets.xcassets; sourceTree = "<group>"; };
		410C580A27AB1A9300B179EE /* Base */ = {isa = PBXFileReference; lastKnownFileType = file.storyboard; name = Base; path = Base.lproj/LaunchScreen.storyboard; sourceTree = "<group>"; };
		410C580C27AB1A9300B179EE /* Info.plist */ = {isa = PBXFileReference; lastKnownFileType = text.plist.xml; path = Info.plist; sourceTree = "<group>"; };
		410C581527AB1C9000B179EE /* Base */ = {isa = PBXFileReference; lastKnownFileType = file.storyboard; name = Base; path = Base.lproj/Main.storyboard; sourceTree = "<group>"; };
		410C581727AB1CEB00B179EE /* SettingsScreen.swift */ = {isa = PBXFileReference; fileEncoding = 4; lastKnownFileType = sourcecode.swift; path = SettingsScreen.swift; sourceTree = "<group>"; };
		413DF69A27BBA1040029F37F /* AboutScreen.swift */ = {isa = PBXFileReference; lastKnownFileType = sourcecode.swift; path = AboutScreen.swift; sourceTree = "<group>"; };
		413DF69C27BBADEE0029F37F /* AboutInfoCell.swift */ = {isa = PBXFileReference; lastKnownFileType = sourcecode.swift; path = AboutInfoCell.swift; sourceTree = "<group>"; };
		4176FE4F27ACFDA20023A833 /* GeneralScreen.swift */ = {isa = PBXFileReference; lastKnownFileType = sourcecode.swift; path = GeneralScreen.swift; sourceTree = "<group>"; };
		4179674427AD43F700935381 /* SignInCell.swift */ = {isa = PBXFileReference; lastKnownFileType = sourcecode.swift; path = SignInCell.swift; sourceTree = "<group>"; };
/* End PBXFileReference section */

/* Begin PBXFrameworksBuildPhase section */
		410C57F827AB1A9200B179EE /* Frameworks */ = {
			isa = PBXFrameworksBuildPhase;
			buildActionMask = 2147483647;
			files = (
			);
			runOnlyForDeploymentPostprocessing = 0;
		};
/* End PBXFrameworksBuildPhase section */

/* Begin PBXGroup section */
		410C57F227AB1A9200B179EE = {
			isa = PBXGroup;
			children = (
				410C57FD27AB1A9200B179EE /* Settings */,
				410C57FC27AB1A9200B179EE /* Products */,
			);
			sourceTree = "<group>";
		};
		410C57FC27AB1A9200B179EE /* Products */ = {
			isa = PBXGroup;
			children = (
				410C57FB27AB1A9200B179EE /* Settings.app */,
			);
			name = Products;
			sourceTree = "<group>";
		};
		410C57FD27AB1A9200B179EE /* Settings */ = {
			isa = PBXGroup;
			children = (
				410C57FE27AB1A9200B179EE /* AppDelegate.swift */,
				410C580027AB1A9200B179EE /* SceneDelegate.swift */,
				4176FE4E27ACE5EA0023A833 /* Cells */,
				410C581927AB1D6E00B179EE /* Screens */,
				410C581427AB1C9000B179EE /* Main.storyboard */,
				410C580727AB1A9300B179EE /* Assets.xcassets */,
				410C580927AB1A9300B179EE /* LaunchScreen.storyboard */,
				410C580C27AB1A9300B179EE /* Info.plist */,
			);
			path = Settings;
			sourceTree = "<group>";
		};
		410C581927AB1D6E00B179EE /* Screens */ = {
			isa = PBXGroup;
			children = (
				410C581727AB1CEB00B179EE /* SettingsScreen.swift */,
				4176FE4F27ACFDA20023A833 /* GeneralScreen.swift */,
				413DF69A27BBA1040029F37F /* AboutScreen.swift */,
			);
			path = Screens;
			sourceTree = "<group>";
		};
		4176FE4E27ACE5EA0023A833 /* Cells */ = {
			isa = PBXGroup;
			children = (
				4179674427AD43F700935381 /* SignInCell.swift */,
				413DF69C27BBADEE0029F37F /* AboutInfoCell.swift */,
			);
			path = Cells;
			sourceTree = "<group>";
		};
/* End PBXGroup section */

/* Begin PBXNativeTarget section */
		410C57FA27AB1A9200B179EE /* Settings */ = {
			isa = PBXNativeTarget;
			buildConfigurationList = 410C580F27AB1A9300B179EE /* Build configuration list for PBXNativeTarget "Settings" */;
			buildPhases = (
				410C57F727AB1A9200B179EE /* Sources */,
				410C57F827AB1A9200B179EE /* Frameworks */,
				410C57F927AB1A9200B179EE /* Resources */,
			);
			buildRules = (
			);
			dependencies = (
			);
			name = Settings;
			productName = Settings;
			productReference = 410C57FB27AB1A9200B179EE /* Settings.app */;
			productType = "com.apple.product-type.application";
		};
/* End PBXNativeTarget section */

/* Begin PBXProject section */
		410C57F327AB1A9200B179EE /* Project object */ = {
			isa = PBXProject;
			attributes = {
				LastSwiftUpdateCheck = 1150;
				LastUpgradeCheck = 1150;
				ORGANIZATIONNAME = mohamed;
				TargetAttributes = {
					410C57FA27AB1A9200B179EE = {
						CreatedOnToolsVersion = 11.5;
					};
				};
			};
			buildConfigurationList = 410C57F627AB1A9200B179EE /* Build configuration list for PBXProject "Settings" */;
			compatibilityVersion = "Xcode 9.3";
			developmentRegion = en;
			hasScannedForEncodings = 0;
			knownRegions = (
				en,
				Base,
			);
			mainGroup = 410C57F227AB1A9200B179EE;
			productRefGroup = 410C57FC27AB1A9200B179EE /* Products */;
			projectDirPath = "";
			projectRoot = "";
			targets = (
				410C57FA27AB1A9200B179EE /* Settings */,
			);
		};
/* End PBXProject section */

/* Begin PBXResourcesBuildPhase section */
		410C57F927AB1A9200B179EE /* Resources */ = {
			isa = PBXResourcesBuildPhase;
			buildActionMask = 2147483647;
			files = (
				410C581627AB1C9000B179EE /* Main.storyboard in Resources */,
				410C580B27AB1A9300B179EE /* LaunchScreen.storyboard in Resources */,
				410C580827AB1A9300B179EE /* Assets.xcassets in Resources */,
			);
			runOnlyForDeploymentPostprocessing = 0;
		};
/* End PBXResourcesBuildPhase section */

/* Begin PBXSourcesBuildPhase section */
		410C57F727AB1A9200B179EE /* Sources */ = {
			isa = PBXSourcesBuildPhase;
			buildActionMask = 2147483647;
			files = (
				4179674527AD43F700935381 /* SignInCell.swift in Sources */,
				410C581827AB1CEB00B179EE /* SettingsScreen.swift in Sources */,
				410C57FF27AB1A9200B179EE /* AppDelegate.swift in Sources */,
				410C580127AB1A9200B179EE /* SceneDelegate.swift in Sources */,
				413DF69D27BBADEE0029F37F /* AboutInfoCell.swift in Sources */,
				4176FE5027ACFDA20023A833 /* GeneralScreen.swift in Sources */,
				413DF69B27BBA1040029F37F /* AboutScreen.swift in Sources */,
			);
			runOnlyForDeploymentPostprocessing = 0;
		};
/* End PBXSourcesBuildPhase section */

/* Begin PBXVariantGroup section */
		410C580927AB1A9300B179EE /* LaunchScreen.storyboard */ = {
			isa = PBXVariantGroup;
			children = (
				410C580A27AB1A9300B179EE /* Base */,
			);
			name = LaunchScreen.storyboard;
			sourceTree = "<group>";
		};
		410C581427AB1C9000B179EE /* Main.storyboard */ = {
			isa = PBXVariantGroup;
			children = (
				410C581527AB1C9000B179EE /* Base */,
			);
			name = Main.storyboard;
			sourceTree = "<group>";
		};
/* End PBXVariantGroup section */

/* Begin XCBuildConfiguration section */
		410C580D27AB1A9300B179EE /* Debug */ = {
			isa = XCBuildConfiguration;
			buildSettings = {
				ALWAYS_SEARCH_USER_PATHS = NO;
				CLANG_ANALYZER_NONNULL = YES;
				CLANG_ANALYZER_NUMBER_OBJECT_CONVERSION = YES_AGGRESSIVE;
				CLANG_CXX_LANGUAGE_STANDARD = "gnu++14";
				CLANG_CXX_LIBRARY = "libc++";
				CLANG_ENABLE_MODULES = YES;
				CLANG_ENABLE_OBJC_ARC = YES;
				CLANG_ENABLE_OBJC_WEAK = YES;
				CLANG_WARN_BLOCK_CAPTURE_AUTORELEASING = YES;
				CLANG_WARN_BOOL_CONVERSION = YES;
				CLANG_WARN_COMMA = YES;
				CLANG_WARN_CONSTANT_CONVERSION = YES;
				CLANG_WARN_DEPRECATED_OBJC_IMPLEMENTATIONS = YES;
				CLANG_WARN_DIRECT_OBJC_ISA_USAGE = YES_ERROR;
				CLANG_WARN_DOCUMENTATION_COMMENTS = YES;
				CLANG_WARN_EMPTY_BODY = YES;
				CLANG_WARN_ENUM_CONVERSION = YES;
				CLANG_WARN_INFINITE_RECURSION = YES;
				CLANG_WARN_INT_CONVERSION = YES;
				CLANG_WARN_NON_LITERAL_NULL_CONVERSION = YES;
				CLANG_WARN_OBJC_IMPLICIT_RETAIN_SELF = YES;
				CLANG_WARN_OBJC_LITERAL_CONVERSION = YES;
				CLANG_WARN_OBJC_ROOT_CLASS = YES_ERROR;
				CLANG_WARN_RANGE_LOOP_ANALYSIS = YES;
				CLANG_WARN_STRICT_PROTOTYPES = YES;
				CLANG_WARN_SUSPICIOUS_MOVE = YES;
				CLANG_WARN_UNGUARDED_AVAILABILITY = YES_AGGRESSIVE;
				CLANG_WARN_UNREACHABLE_CODE = YES;
				CLANG_WARN__DUPLICATE_METHOD_MATCH = YES;
				COPY_PHASE_STRIP = NO;
				DEBUG_INFORMATION_FORMAT = dwarf;
				ENABLE_STRICT_OBJC_MSGSEND = YES;
				ENABLE_TESTABILITY = YES;
				GCC_C_LANGUAGE_STANDARD = gnu11;
				GCC_DYNAMIC_NO_PIC = NO;
				GCC_NO_COMMON_BLOCKS = YES;
				GCC_OPTIMIZATION_LEVEL = 0;
				GCC_PREPROCESSOR_DEFINITIONS = (
					"DEBUG=1",
					"$(inherited)",
				);
				GCC_WARN_64_TO_32_BIT_CONVERSION = YES;
				GCC_WARN_ABOUT_RETURN_TYPE = YES_ERROR;
				GCC_WARN_UNDECLARED_SELECTOR = YES;
				GCC_WARN_UNINITIALIZED_AUTOS = YES_AGGRESSIVE;
				GCC_WARN_UNUSED_FUNCTION = YES;
				GCC_WARN_UNUSED_VARIABLE = YES;
				IPHONEOS_DEPLOYMENT_TARGET = 13.5;
				MTL_ENABLE_DEBUG_INFO = INCLUDE_SOURCE;
				MTL_FAST_MATH = YES;
				ONLY_ACTIVE_ARCH = YES;
				SDKROOT = iphoneos;
				SWIFT_ACTIVE_COMPILATION_CONDITIONS = DEBUG;
				SWIFT_OPTIMIZATION_LEVEL = "-Onone";
			};
			name = Debug;
		};
		410C580E27AB1A9300B179EE /* Release */ = {
			isa = XCBuildConfiguration;
			buildSettings = {
				ALWAYS_SEARCH_USER_PATHS = NO;
				CLANG_ANALYZER_NONNULL = YES;
				CLANG_ANALYZER_NUMBER_OBJECT_CONVERSION = YES_AGGRESSIVE;
				CLANG_CXX_LANGUAGE_STANDARD = "gnu++14";
				CLANG_CXX_LIBRARY = "libc++";
				CLANG_ENABLE_MODULES = YES;
				CLANG_ENABLE_OBJC_ARC = YES;
				CLANG_ENABLE_OBJC_WEAK = YES;
				CLANG_WARN_BLOCK_CAPTURE_AUTORELEASING = YES;
				CLANG_WARN_BOOL_CONVERSION = YES;
				CLANG_WARN_COMMA = YES;
				CLANG_WARN_CONSTANT_CONVERSION = YES;
				CLANG_WARN_DEPRECATED_OBJC_IMPLEMENTATIONS = YES;
				CLANG_WARN_DIRECT_OBJC_ISA_USAGE = YES_ERROR;
				CLANG_WARN_DOCUMENTATION_COMMENTS = YES;
				CLANG_WARN_EMPTY_BODY = YES;
				CLANG_WARN_ENUM_CONVERSION = YES;
				CLANG_WARN_INFINITE_RECURSION = YES;
				CLANG_WARN_INT_CONVERSION = YES;
				CLANG_WARN_NON_LITERAL_NULL_CONVERSION = YES;
				CLANG_WARN_OBJC_IMPLICIT_RETAIN_SELF = YES;
				CLANG_WARN_OBJC_LITERAL_CONVERSION = YES;
				CLANG_WARN_OBJC_ROOT_CLASS = YES_ERROR;
				CLANG_WARN_RANGE_LOOP_ANALYSIS = YES;
				CLANG_WARN_STRICT_PROTOTYPES = YES;
				CLANG_WARN_SUSPICIOUS_MOVE = YES;
				CLANG_WARN_UNGUARDED_AVAILABILITY = YES_AGGRESSIVE;
				CLANG_WARN_UNREACHABLE_CODE = YES;
				CLANG_WARN__DUPLICATE_METHOD_MATCH = YES;
				COPY_PHASE_STRIP = NO;
				DEBUG_INFORMATION_FORMAT = "dwarf-with-dsym";
				ENABLE_NS_ASSERTIONS = NO;
				ENABLE_STRICT_OBJC_MSGSEND = YES;
				GCC_C_LANGUAGE_STANDARD = gnu11;
				GCC_NO_COMMON_BLOCKS = YES;
				GCC_WARN_64_TO_32_BIT_CONVERSION = YES;
				GCC_WARN_ABOUT_RETURN_TYPE = YES_ERROR;
				GCC_WARN_UNDECLARED_SELECTOR = YES;
				GCC_WARN_UNINITIALIZED_AUTOS = YES_AGGRESSIVE;
				GCC_WARN_UNUSED_FUNCTION = YES;
				GCC_WARN_UNUSED_VARIABLE = YES;
				IPHONEOS_DEPLOYMENT_TARGET = 13.5;
				MTL_ENABLE_DEBUG_INFO = NO;
				MTL_FAST_MATH = YES;
				SDKROOT = iphoneos;
				SWIFT_COMPILATION_MODE = wholemodule;
				SWIFT_OPTIMIZATION_LEVEL = "-O";
				VALIDATE_PRODUCT = YES;
			};
			name = Release;
		};
		410C581027AB1A9300B179EE /* Debug */ = {
			isa = XCBuildConfiguration;
			buildSettings = {
				ASSETCATALOG_COMPILER_APPICON_NAME = AppIcon;
				CODE_SIGN_STYLE = Automatic;
				DEVELOPMENT_TEAM = RDX6Y8GPTD;
				INFOPLIST_FILE = Settings/Info.plist;
				LD_RUNPATH_SEARCH_PATHS = (
					"$(inherited)",
					"@executable_path/Frameworks",
				);
				PRODUCT_BUNDLE_IDENTIFIER = com.mohamed.Settings;
				PRODUCT_NAME = "$(TARGET_NAME)";
				SWIFT_VERSION = 5.0;
				TARGETED_DEVICE_FAMILY = "1,2";
			};
			name = Debug;
		};
		410C581127AB1A9300B179EE /* Release */ = {
			isa = XCBuildConfiguration;
			buildSettings = {
				ASSETCATALOG_COMPILER_APPICON_NAME = AppIcon;
				CODE_SIGN_STYLE = Automatic;
				DEVELOPMENT_TEAM = RDX6Y8GPTD;
				INFOPLIST_FILE = Settings/Info.plist;
				LD_RUNPATH_SEARCH_PATHS = (
					"$(inherited)",
					"@executable_path/Frameworks",
				);
				PRODUCT_BUNDLE_IDENTIFIER = com.mohamed.Settings;
				PRODUCT_NAME = "$(TARGET_NAME)";
				SWIFT_VERSION = 5.0;
				TARGETED_DEVICE_FAMILY = "1,2";
			};
			name = Release;
		};
/* End XCBuildConfiguration section */

/* Begin XCConfigurationList section */
		410C57F627AB1A9200B179EE /* Build configuration list for PBXProject "Settings" */ = {
			isa = XCConfigurationList;
			buildConfigurations = (
				410C580D27AB1A9300B179EE /* Debug */,
				410C580E27AB1A9300B179EE /* Release */,
			);
			defaultConfigurationIsVisible = 0;
			defaultConfigurationName = Release;
		};
		410C580F27AB1A9300B179EE /* Build configuration list for PBXNativeTarget "Settings" */ = {
			isa = XCConfigurationList;
			buildConfigurations = (
				410C581027AB1A9300B179EE /* Debug */,
				410C581127AB1A9300B179EE /* Release */,
			);
			defaultConfigurationIsVisible = 0;
			defaultConfigurationName = Release;
		};
/* End XCConfigurationList section */
	};
	rootObject = 410C57F327AB1A9200B179EE /* Project object */;
}
